{
  "version": 2,
  "dependencies": {
    "net10.0": {
      "Expecto": {
        "type": "Direct",
        "requested": "[11.1.0, )",
        "resolved": "11.1.0",
        "contentHash": "Bigdu4FzlS0wsS4jUADCSfAM8oiXr9ghswxvYha7ge66QN8VnUjOke38AaU2Qg3nS0lE73NKt+4QEWlaGxILLg==",
        "dependencies": {
          "FSharp.Core": "7.0.200",
          "Mono.Cecil": "[0.11.6, 1.0.0)"
        }
      },
      "FSharp.Core": {
        "type": "Direct",
        "requested": "[10.1.401, )",
        "resolved": "10.1.401",
        "contentHash": "/lvOK51KD8IangBYkfDVna3/HrE/r4VUnX3dI01KDspctoYXmind3POeoYkqWKeXHwiKlf6Hc9TxwSnoSCWcjw=="
      },
      "Microsoft.Testing.Extensions.TrxReport": {
        "type": "Direct",
        "requested": "[2.4.1, )",
        "resolved": "2.4.1",
        "contentHash": "KGAvJKRqhod45ecH4L1cCKIjGrzziUcLo3L4hRlfOg/Ww2Q7MnA30qHY2rnKzGyLVWf91tc2VleGe8c33FmPaQ==",
        "dependencies": {
          "Microsoft.Testing.Extensions.TrxReport.Abstractions": "2.4.1",
          "Microsoft.Testing.Platform": "[2.4.1, 3.0.0)"
        }
      },
      "TngTech.ArchUnitNET": {
        "type": "Direct",
        "requested": "[0.13.4, )",
        "resolved": "0.13.4",
        "contentHash": "SBWeZamopaqNOe1BlM57kATJ9vho10gwaLQYmC6BilwGRtHs1qWvuYbwYnncVJeKiB9X/B14h96rlcUTo3C9EQ==",
        "dependencies": {
          "CycleDetection": "2.0.0",
          "JetBrains.Annotations": "2026.2.0",
          "Mono.Cecil": "0.11.6",
          "Newtonsoft.Json": "13.0.4",
          "System.ValueTuple": "4.6.2"
        }
      },
      "YoloDev.Expecto.TestSdk": {
        "type": "Direct",
        "requested": "[0.16.1, )",
        "resolved": "0.16.1",
        "contentHash": "qEdjInmvZoCk4UvGupJJxDw0jIvnIklLTFW+sHoyR2tQ0R3s2fh/Zw6QVmzlKS2Gb8zTGK0zO2ViEdS5CffKEQ==",
        "dependencies": {
          "Expecto": "10.2.3",
          "FSharp.Core": "7.0.200",
          "Microsoft.Testing.Extensions.VSTestBridge": "2.3.3",
          "Microsoft.Testing.Platform.MSBuild": "2.3.3"
        }
      },
      "CycleDetection": {
        "type": "Transitive",
        "resolved": "2.0.0",
        "contentHash": "iQb2Nm9WqPseGCxPcdeU5qMbWkxtSr1bmnliC7slitx7GOG8cKO2pKZUQ2Yl+DQQZQ7c8qIXe3k+zYE0f96dIA=="
      },
      "JetBrains.Annotations": {
        "type": "Transitive",
        "resolved": "2026.2.0",
        "contentHash": "drvAEaI7Xf4wU6dx4UTB9MoZWXZlraaQ0qoeThPQ411FxNhId7QdUTukIC9I8aUHP0ycAaGwZNKqSvfOZQvUlg=="
      },
      "Microsoft.ApplicationInsights": {
        "type": "Transitive",
        "resolved": "2.23.0",
        "contentHash": "nWArUZTdU7iqZLycLKWe0TDms48KKGE6pONH2terYNa8REXiqixrMOkf1sk5DHGMaUTqONU2YkS4SAXBhLStgw=="
      },
      "Microsoft.Testing.Extensions.Telemetry": {
        "type": "Transitive",
        "resolved": "2.4.1",
        "contentHash": "C+bq5ydHrBNCDXjvFtRa1/JcAS2Wq2dpXOnzy/TFYC8qb1dDEgB1XhQayBaYE/5BKviikByHb7mth8P+qJaOJw==",
        "dependencies": {
          "Microsoft.ApplicationInsights": "2.23.0",
          "Microsoft.Testing.Platform": "[2.4.1, 3.0.0)"
        }
      },
      "Microsoft.Testing.Extensions.TrxReport.Abstractions": {
        "type": "Transitive",
        "resolved": "2.4.1",
        "contentHash": "tDxLLic2IfeChbyo8oeGZj/eBdFpPe3Dp80hUoIOefSCqqMHbsob+lX1TfFWV75PJCPouxj2zz0zzPHZxiM4nQ==",
        "dependencies": {
          "Microsoft.Testing.Platform": "[2.4.1, 3.0.0)"
        }
      },
      "Microsoft.Testing.Platform": {
        "type": "Transitive",
        "resolved": "2.4.1",
        "contentHash": "3nW9NyhN1BnHRF994DCOOUQCqVA9pDT+gPpbuhI/xUntZnGnXO4ySovKxFlFuoT/48pnI74LK/DeKVlve1L3VQ=="
      },
      "Mono.Cecil": {
        "type": "Transitive",
        "resolved": "0.11.6",
        "contentHash": "f33RkDtZO8VlGXCtmQIviOtxgnUdym9xx/b1p9h91CRGOsJFxCFOFK1FDbVt1OCf1aWwYejUFa2MOQyFWTFjbA=="
      },
      "Newtonsoft.Json": {
        "type": "Transitive",
        "resolved": "13.0.4",
        "contentHash": "pdgNNMai3zv51W5aq268sujXUyx7SNdE2bj1wZcWjAQrKMFZV260lbqYop1d2GM67JI1huLRwxo9ZqnfF/lC6A=="
      },
      "System.ValueTuple": {
        "type": "Transitive",
        "resolved": "4.6.2",
        "contentHash": "yQgmjfFximrNm9LIV3mL6T5MzjeC+epeE5rl4hXxAlYmxby7RM1dPSkIKXk9HNkl6G54h2JHOmLD46+Pey+IRg=="
      },
      "claimcore.application": {
        "type": "Project",
        "dependencies": {
          "ClaimCore.Domain": "[0.3.0, )",
          "ClaimCore.RecordFormat": "[0.3.0, )",
          "FSharp.Core": "[10.1.401, )"
        }
      },
      "claimcore.architecturefixtures": {
        "type": "Project",
        "dependencies": {
          "FSharp.Core": "[10.1.401, )"
        }
      },
      "claimcore.cli": {
        "type": "Project",
        "dependencies": {
          "ClaimCore.Application": "[0.3.0, )",
          "ClaimCore.CliProtocol": "[0.3.0, )",
          "ClaimCore.Contracts": "[0.3.0, )",
          "ClaimCore.Hosting": "[0.3.0, )",
          "FSharp.Core": "[10.1.401, )"
        }
      },
      "claimcore.cliprotocol": {
        "type": "Project",
        "dependencies": {
          "ClaimCore.Application": "[0.3.0, )",
          "ClaimCore.Contracts": "[0.3.0, )",
          "ClaimCore.Domain": "[0.3.0, )",
          "ClaimCore.HostSecurity": "[0.3.0, )",
          "FSharp.Core": "[10.1.401, )"
        }
      },
      "claimcore.contracts": {
        "type": "Project",
        "dependencies": {
          "ClaimCore.Application": "[0.3.0, )",
          "ClaimCore.Domain": "[0.3.0, )",
          "FSharp.Core": "[10.1.401, )"
        }
      },
      "claimcore.database": {
        "type": "Project",
        "dependencies": {
          "ClaimCore.HostSecurity": "[0.3.0, )",
          "ClaimCore.Postgres": "[0.3.0, )",
          "FSharp.Core": "[10.1.401, )"
        }
      },
      "claimcore.domain": {
        "type": "Project",
        "dependencies": {
          "FSharp.Core": "[10.1.401, )"
        }
      },
      "claimcore.hosting": {
        "type": "Project",
        "dependencies": {
          "ClaimCore.Application": "[0.3.0, )",
          "ClaimCore.Domain": "[0.3.0, )",
          "ClaimCore.Postgres": "[0.3.0, )",
          "FSharp.Core": "[10.1.401, )",
          "Npgsql": "[10.0.3, )"
        }
      },
      "claimcore.hostsecurity": {
        "type": "Project",
        "dependencies": {
          "FSharp.Core": "[10.1.401, )"
        }
      },
      "claimcore.postgres": {
        "type": "Project",
        "dependencies": {
          "ClaimCore.Application": "[0.3.0, )",
          "ClaimCore.Domain": "[0.3.0, )",
          "ClaimCore.RecordFormat": "[0.3.0, )",
          "FSharp.Core": "[10.1.401, )",
          "Npgsql": "[10.0.3, )"
        }
      },
      "claimcore.recordformat": {
        "type": "Project",
        "dependencies": {
          "ClaimCore.Domain": "[0.3.0, )",
          "FSharp.Core": "[10.1.401, )"
        }
      },
      "claimcore.web": {
        "type": "Project",
        "dependencies": {
          "ClaimCore.Application": "[0.3.0, )",
          "ClaimCore.Contracts": "[0.3.0, )",
          "ClaimCore.Domain": "[0.3.0, )",
          "ClaimCore.HostSecurity": "[0.3.0, )",
          "ClaimCore.Hosting": "[0.3.0, )",
          "FSharp.Core": "[10.1.401, )"
        }
      },
      "Microsoft.Extensions.DependencyInjection.Abstractions": {
        "type": "CentralTransitive",
        "requested": "[10.0.12, )",
        "resolved": "10.0.12",
        "contentHash": "9/qymSh7hVDMGTGwrLz8MRp5zRyXy9adGDOs4HwRdnLil3oZGYuWeZjbmHgCQ9BL1qBroVfgUK3U/nb61617Cw=="
      },
      "Microsoft.Extensions.Logging.Abstractions": {
        "type": "CentralTransitive",
        "requested": "[10.0.12, )",
        "resolved": "10.0.12",
        "contentHash": "+24lC4plfbEDNfLAdTV/SWKS7dW+16X4HdydO3R++134kSNTzcbYA4KpR1Hdh6uWisB8Za3AzwyOn+K+NxWIug==",
        "dependencies": {
          "Microsoft.Extensions.DependencyInjection.Abstractions": "10.0.12"
        }
      },
      "Microsoft.Testing.Extensions.VSTestBridge": {
        "type": "CentralTransitive",
        "requested": "[2.4.1, )",
        "resolved": "2.4.1",
        "contentHash": "O+fy8t+qse6ZexS7TzuA47Z3Ojw/4x6fIF+xGSwFypgoDAg3+bFmu1vkz8smLla0A+QRopphxfBYJBOPedDPYw==",
        "dependencies": {
          "Microsoft.TestPlatform.ObjectModel": "18.9.0",
          "Microsoft.Testing.Extensions.Telemetry": "2.4.1",
          "Microsoft.Testing.Extensions.TrxReport.Abstractions": "2.4.1",
          "Microsoft.Testing.Platform": "[2.4.1, 3.0.0)"
        }
      },
      "Microsoft.Testing.Platform.MSBuild": {
        "type": "CentralTransitive",
        "requested": "[2.4.1, )",
        "resolved": "2.4.1",
        "contentHash": "K4W2hAATe9wA1xt4oEZWmUsnQqnLD5H18NXKsm81xclf9PI4AHieb3DxJpE/2uA6Xl9DtjpLXif7/9Sn8Y2y7w==",
        "dependencies": {
          "Microsoft.Testing.Platform": "[2.4.1, 3.0.0)"
        }
      },
      "Microsoft.TestPlatform.ObjectModel": {
        "type": "CentralTransitive",
        "requested": "[18.10.1, )",
        "resolved": "18.10.1",
        "contentHash": "o+PuLDRVp1iwiVAPBADZItXgm9Ck23XtPhE4kZtZVi0uYnMiiz1Dx9Cjh75kJ+ijfqnORL3VOTOaQVKi0f/ixg=="
      },
      "Npgsql": {
        "type": "CentralTransitive",
        "requested": "[10.0.3, )",
        "resolved": "10.0.3",
        "contentHash": "7nb5YzXuvWWJxB0J8DiyL3we+X4FOctZrt0fIBnucOIaIevFEEwGQVZKtiu9olXdlNAK1eNgqSral6r/jlhI4w==",
        "dependencies": {
          "Microsoft.Extensions.Logging.Abstractions": "10.0.0"
        }
      }
    }
  }
}