{
  "version": 2,
  "dependencies": {
    "net10.0": {
      "Expecto": {
        "type": "Direct",
        "requested": "[11.1.0, )",
        "resolved": "11.1.0",
        "contentHash": "Bigdu4FzlS0wsS4jUADCSfAM8oiXr9ghswxvYha7ge66QN8VnUjOke38AaU2Qg3nS0lE73NKt+4QEWlaGxILLg==",
        "dependencies": {
          "FSharp.Core": "7.0.200",
          "Mono.Cecil": "[0.11.6, 1.0.0)"
        }
      },
      "FSharp.Core": {
        "type": "Direct",
        "requested": "[10.1.401, )",
        "resolved": "10.1.401",
        "contentHash": "/lvOK51KD8IangBYkfDVna3/HrE/r4VUnX3dI01KDspctoYXmind3POeoYkqWKeXHwiKlf6Hc9TxwSnoSCWcjw=="
      },
      "Microsoft.Testing.Extensions.TrxReport": {
        "type": "Direct",
        "requested": "[2.4.0, )",
        "resolved": "2.4.0",
        "contentHash": "WkOaIp/ivwcaF34rmUAIjafnWJ/chI/2hvH/wLQlLXKNDDvaRYvjkxWC7l0+Ib+C4dGrylUonM4kHwJujlkVKw==",
        "dependencies": {
          "Microsoft.Testing.Extensions.TrxReport.Abstractions": "2.4.0",
          "Microsoft.Testing.Platform": "[2.4.0, 3.0.0)"
        }
      },
      "TngTech.ArchUnitNET": {
        "type": "Direct",
        "requested": "[0.13.4, )",
        "resolved": "0.13.4",
        "contentHash": "SBWeZamopaqNOe1BlM57kATJ9vho10gwaLQYmC6BilwGRtHs1qWvuYbwYnncVJeKiB9X/B14h96rlcUTo3C9EQ==",
        "dependencies": {
          "CycleDetection": "2.0.0",
          "JetBrains.Annotations": "2026.2.0",
          "Mono.Cecil": "0.11.6",
          "Newtonsoft.Json": "13.0.4",
          "System.ValueTuple": "4.6.2"
        }
      },
      "YoloDev.Expecto.TestSdk": {
        "type": "Direct",
        "requested": "[0.16.1, )",
        "resolved": "0.16.1",
        "contentHash": "qEdjInmvZoCk4UvGupJJxDw0jIvnIklLTFW+sHoyR2tQ0R3s2fh/Zw6QVmzlKS2Gb8zTGK0zO2ViEdS5CffKEQ==",
        "dependencies": {
          "Expecto": "10.2.3",
          "FSharp.Core": "7.0.200",
          "Microsoft.Testing.Extensions.VSTestBridge": "2.3.3",
          "Microsoft.Testing.Platform.MSBuild": "2.3.3"
        }
      },
      "CycleDetection": {
        "type": "Transitive",
        "resolved": "2.0.0",
        "contentHash": "iQb2Nm9WqPseGCxPcdeU5qMbWkxtSr1bmnliC7slitx7GOG8cKO2pKZUQ2Yl+DQQZQ7c8qIXe3k+zYE0f96dIA=="
      },
      "JetBrains.Annotations": {
        "type": "Transitive",
        "resolved": "2026.2.0",
        "contentHash": "drvAEaI7Xf4wU6dx4UTB9MoZWXZlraaQ0qoeThPQ411FxNhId7QdUTukIC9I8aUHP0ycAaGwZNKqSvfOZQvUlg=="
      },
      "Microsoft.ApplicationInsights": {
        "type": "Transitive",
        "resolved": "2.23.0",
        "contentHash": "nWArUZTdU7iqZLycLKWe0TDms48KKGE6pONH2terYNa8REXiqixrMOkf1sk5DHGMaUTqONU2YkS4SAXBhLStgw=="
      },
      "Microsoft.Testing.Extensions.Telemetry": {
        "type": "Transitive",
        "resolved": "2.4.0",
        "contentHash": "JeP1RFqBa11fWmBk8xEfZcMKr4rxWSyI6OZ+659V069CaMkTEOQBW2UdSSeNz3absOsygcn7JJkzerC4LGnZ9w==",
        "dependencies": {
          "Microsoft.ApplicationInsights": "2.23.0",
          "Microsoft.Testing.Platform": "[2.4.0, 3.0.0)"
        }
      },
      "Microsoft.Testing.Extensions.TrxReport.Abstractions": {
        "type": "Transitive",
        "resolved": "2.4.0",
        "contentHash": "uRb+4qM42dFDg4kWJZ2kFEcwESNVCRZJjItp5vETorN3rSJGysP617LqYirOcrCYmxg+obPreHMM5JcsNDKtBw==",
        "dependencies": {
          "Microsoft.Testing.Platform": "[2.4.0, 3.0.0)"
        }
      },
      "Microsoft.Testing.Platform": {
        "type": "Transitive",
        "resolved": "2.4.0",
        "contentHash": "dp1N3P1ujb0ztwFgqz2o/ItEvq+pm19/AiA+Xq7Zpcy7oPMcxDBZLYGtf0LlU1MveEBJuKVjZhI+LnkfcH/0jQ=="
      },
      "Mono.Cecil": {
        "type": "Transitive",
        "resolved": "0.11.6",
        "contentHash": "f33RkDtZO8VlGXCtmQIviOtxgnUdym9xx/b1p9h91CRGOsJFxCFOFK1FDbVt1OCf1aWwYejUFa2MOQyFWTFjbA=="
      },
      "Newtonsoft.Json": {
        "type": "Transitive",
        "resolved": "13.0.4",
        "contentHash": "pdgNNMai3zv51W5aq268sujXUyx7SNdE2bj1wZcWjAQrKMFZV260lbqYop1d2GM67JI1huLRwxo9ZqnfF/lC6A=="
      },
      "System.ValueTuple": {
        "type": "Transitive",
        "resolved": "4.6.2",
        "contentHash": "yQgmjfFximrNm9LIV3mL6T5MzjeC+epeE5rl4hXxAlYmxby7RM1dPSkIKXk9HNkl6G54h2JHOmLD46+Pey+IRg=="
      },
      "claimcore.application": {
        "type": "Project",
        "dependencies": {
          "ClaimCore.Domain": "[0.1.0, )",
          "ClaimCore.RecordFormat": "[0.1.0, )",
          "FSharp.Core": "[10.1.401, )"
        }
      },
      "claimcore.architecturefixtures": {
        "type": "Project",
        "dependencies": {
          "FSharp.Core": "[10.1.401, )"
        }
      },
      "claimcore.cli": {
        "type": "Project",
        "dependencies": {
          "ClaimCore.Application": "[0.1.0, )",
          "ClaimCore.Contracts": "[0.1.0, )",
          "ClaimCore.Domain": "[0.1.0, )",
          "ClaimCore.HostSecurity": "[0.1.0, )",
          "ClaimCore.Postgres": "[0.1.0, )",
          "FSharp.Core": "[10.1.401, )"
        }
      },
      "claimcore.contracts": {
        "type": "Project",
        "dependencies": {
          "ClaimCore.Application": "[0.1.0, )",
          "ClaimCore.Domain": "[0.1.0, )",
          "ClaimCore.RecordFormat": "[0.1.0, )",
          "FSharp.Core": "[10.1.401, )"
        }
      },
      "claimcore.database": {
        "type": "Project",
        "dependencies": {
          "ClaimCore.HostSecurity": "[0.1.0, )",
          "ClaimCore.Postgres": "[0.1.0, )",
          "FSharp.Core": "[10.1.401, )"
        }
      },
      "claimcore.domain": {
        "type": "Project",
        "dependencies": {
          "FSharp.Core": "[10.1.401, )"
        }
      },
      "claimcore.hostsecurity": {
        "type": "Project",
        "dependencies": {
          "FSharp.Core": "[10.1.401, )"
        }
      },
      "claimcore.postgres": {
        "type": "Project",
        "dependencies": {
          "ClaimCore.Application": "[0.1.0, )",
          "ClaimCore.Domain": "[0.1.0, )",
          "ClaimCore.RecordFormat": "[0.1.0, )",
          "FSharp.Core": "[10.1.401, )",
          "Npgsql": "[10.0.3, )"
        }
      },
      "claimcore.recordformat": {
        "type": "Project",
        "dependencies": {
          "ClaimCore.Domain": "[0.1.0, )",
          "FSharp.Core": "[10.1.401, )"
        }
      },
      "claimcore.web": {
        "type": "Project",
        "dependencies": {
          "ClaimCore.Application": "[0.1.0, )",
          "ClaimCore.Contracts": "[0.1.0, )",
          "ClaimCore.Domain": "[0.1.0, )",
          "ClaimCore.HostSecurity": "[0.1.0, )",
          "ClaimCore.Postgres": "[0.1.0, )",
          "ClaimCore.RecordFormat": "[0.1.0, )",
          "FSharp.Core": "[10.1.401, )"
        }
      },
      "Microsoft.Extensions.DependencyInjection.Abstractions": {
        "type": "CentralTransitive",
        "requested": "[10.0.12, )",
        "resolved": "10.0.12",
        "contentHash": "9/qymSh7hVDMGTGwrLz8MRp5zRyXy9adGDOs4HwRdnLil3oZGYuWeZjbmHgCQ9BL1qBroVfgUK3U/nb61617Cw=="
      },
      "Microsoft.Extensions.Logging.Abstractions": {
        "type": "CentralTransitive",
        "requested": "[10.0.12, )",
        "resolved": "10.0.12",
        "contentHash": "+24lC4plfbEDNfLAdTV/SWKS7dW+16X4HdydO3R++134kSNTzcbYA4KpR1Hdh6uWisB8Za3AzwyOn+K+NxWIug==",
        "dependencies": {
          "Microsoft.Extensions.DependencyInjection.Abstractions": "10.0.12"
        }
      },
      "Microsoft.Testing.Extensions.VSTestBridge": {
        "type": "CentralTransitive",
        "requested": "[2.4.0, )",
        "resolved": "2.4.0",
        "contentHash": "vIQj0nkwzfZgdtbxcTF6JVPVuR19hmA6sQ3tSxZgfVnYZHyHxhQLpaiw9MotrOgPDwk4uvenjXh4TFH681k7xg==",
        "dependencies": {
          "Microsoft.TestPlatform.ObjectModel": "18.9.0",
          "Microsoft.Testing.Extensions.Telemetry": "2.4.0",
          "Microsoft.Testing.Extensions.TrxReport.Abstractions": "2.4.0",
          "Microsoft.Testing.Platform": "[2.4.0, 3.0.0)"
        }
      },
      "Microsoft.Testing.Platform.MSBuild": {
        "type": "CentralTransitive",
        "requested": "[2.4.0, )",
        "resolved": "2.4.0",
        "contentHash": "qr5M6h16YHMJLFDcWELFVMMpGte2BUmveBZKT5YoBV+bmuJRPu9bv/Zqke4yQuOEKRNxoAETrG5jr+/6Rnr3Hg==",
        "dependencies": {
          "Microsoft.Testing.Platform": "[2.4.0, 3.0.0)"
        }
      },
      "Microsoft.TestPlatform.ObjectModel": {
        "type": "CentralTransitive",
        "requested": "[18.10.0, )",
        "resolved": "18.10.0",
        "contentHash": "aXA7DDbnt6MYu3eLBEDksNdl09QxJ/PpMzrFcSxqEOk3RvRGJzhKI5mezVCEOcvveRhjfw/mvn6xVXC/rTaOog=="
      },
      "Npgsql": {
        "type": "CentralTransitive",
        "requested": "[10.0.3, )",
        "resolved": "10.0.3",
        "contentHash": "7nb5YzXuvWWJxB0J8DiyL3we+X4FOctZrt0fIBnucOIaIevFEEwGQVZKtiu9olXdlNAK1eNgqSral6r/jlhI4w==",
        "dependencies": {
          "Microsoft.Extensions.Logging.Abstractions": "10.0.0"
        }
      }
    }
  }
}